
Microsoft Visual Studio Solution File, Format Version 12.00
# Visual Studio Version 16
VisualStudioVersion = 16.0.30413.136
MinimumVisualStudioVersion = 10.0.40219.1
Project("{FAE04EC0-301F-11D3-BF4B-00C04F79EFBC}") = "compraOnlineWEB", "compraOnlineWEB\compraOnlineWEB.csproj", "{9B9D1575-6C0C-4F08-9C42-E38491168CAD}"
EndProject
Global
	GlobalSection(SolutionConfigurationPlatforms) = preSolution
		Debug|Any CPU = Debug|Any CPU
		Release|Any CPU = Release|Any CPU
	EndGlobalSection
	GlobalSection(ProjectConfigurationPlatforms) = postSolution
		{9B9D1575-6C0C-4F08-9C42-E38491168CAD}.Debug|Any CPU.ActiveCfg = Debug|Any CPU
		{9B9D1575-6C0C-4F08-9C42-E38491168CAD}.Debug|Any CPU.Build.0 = Debug|Any CPU
		{9B9D1575-6C0C-4F08-9C42-E38491168CAD}.Release|Any CPU.ActiveCfg = Release|Any CPU
		{9B9D1575-6C0C-4F08-9C42-E38491168CAD}.Release|Any CPU.Build.0 = Release|Any CPU
	EndGlobalSection
	GlobalSection(SolutionProperties) = preSolution
		HideSolutionNode = FALSE
	EndGlobalSection
	GlobalSection(ExtensibilityGlobals) = postSolution
		SolutionGuid = {11F950FA-611B-4A9C-9B3F-0D3A8FE592A6}
	EndGlobalSection
EndGlobal
